# generated by rye
# use `rye lock` or `rye sync` to update this lockfile
#
# last locked with the following flags:
#   pre: false
#   features: []
#   all-features: false
#   with-sources: false
#   generate-hashes: false
#   universal: false

-e file:.
joblib==1.4.2
    # via scikit-learn
numpy==2.0.1
    # via scikit-learn
    # via scipy
pillow==10.4.0
    # via kami2-solver
scikit-learn==1.5.1
    # via kami2-solver
scipy==1.14.0
    # via scikit-learn
threadpoolctl==3.5.0
    # via scikit-learn
